// !$*UTF8*$!
{
	archiveVersion = 1;
	classes = {
	};
	objectVersion = 46;
	objects = {
/* Begin PBXBuildFile section */
		00E356F31AD99517003FC87E /* pickitupTests.m in Sources */ = {isa = PBXBuildFile; fileRef = 00E356F21AD99517003FC87E /* pickitupTests.m */; };
		07FD16C45F4C246E4B2095B3 /* libPods-pickitup-tvOSTests.a in Frameworks */ = {isa = PBXBuildFile; fileRef = 08DA7EF2AB4F6775D797839F /* libPods-pickitup-tvOSTests.a */; };
		13B07FBC1A68108700A75B9A /* AppDelegate.m in Sources */ = {isa = PBXBuildFile; fileRef = 13B07FB01A68108700A75B9A /* AppDelegate.m */; };
		13B07FBD1A68108700A75B9A /* LaunchScreen.xib in Resources */ = {isa = PBXBuildFile; fileRef = 13B07FB11A68108700A75B9A /* LaunchScreen.xib */; };
		13B07FBF1A68108700A75B9A /* Images.xcassets in Resources */ = {isa = PBXBuildFile; fileRef = 13B07FB51A68108700A75B9A /* Images.xcassets */; };
		13B07FC11A68108700A75B9A /* main.m in Sources */ = {isa = PBXBuildFile; fileRef = 13B07FB71A68108700A75B9A /* main.m */; };
		2D02E4BC1E0B4A80006451C7 /* AppDelegate.m in Sources */ = {isa = PBXBuildFile; fileRef = 13B07FB01A68108700A75B9A /* AppDelegate.m */; };
		2D02E4BD1E0B4A84006451C7 /* Images.xcassets in Resources */ = {isa = PBXBuildFile; fileRef = 13B07FB51A68108700A75B9A /* Images.xcassets */; };
		2D02E4BF1E0B4AB3006451C7 /* main.m in Sources */ = {isa = PBXBuildFile; fileRef = 13B07FB71A68108700A75B9A /* main.m */; };
		2DCD954D1E0B4F2C00145EB5 /* pickitupTests.m in Sources */ = {isa = PBXBuildFile; fileRef = 00E356F21AD99517003FC87E /* pickitupTests.m */; };
		77AB3A38C8D64A9BCD055539 /* libPods-pickitup.a in Frameworks */ = {isa = PBXBuildFile; fileRef = 033682A76FA8C66D96AE3172 /* libPods-pickitup.a */; };
		8FC77B7A39BD76671B831440 /* libPods-pickitupTests.a in Frameworks */ = {isa = PBXBuildFile; fileRef = DE1DCF0EC1EED5F1F9812E61 /* libPods-pickitupTests.a */; };
		E1B395C5885E971CBAA45700 /* libPods-pickitup-tvOS.a in Frameworks */ = {isa = PBXBuildFile; fileRef = 9FA5B78110B1273C05DC6DA5 /* libPods-pickitup-tvOS.a */; };
		CAC73B43F6C64E16B25A7828 /* Lato-Black.ttf in Resources */ = {isa = PBXBuildFile; fileRef = F4934D71F1BD4616AD23716D /* Lato-Black.ttf */; };
		9E1A0CB3BC03419F9918B82D /* Lato-BlackItalic.ttf in Resources */ = {isa = PBXBuildFile; fileRef = 8AB0109AD81245EAA95F6F39 /* Lato-BlackItalic.ttf */; };
		4F5D658415C94C2E8FC35CCC /* Lato-Bold.ttf in Resources */ = {isa = PBXBuildFile; fileRef = 5538C8E1DB4C47E78840E750 /* Lato-Bold.ttf */; };
		C9B78677FAB84104AB4654CC /* Lato-BoldItalic.ttf in Resources */ = {isa = PBXBuildFile; fileRef = 43068EFBDE394D6DB8931172 /* Lato-BoldItalic.ttf */; };
		7BDD136B5A544933A68D6211 /* Lato-Hairline.ttf in Resources */ = {isa = PBXBuildFile; fileRef = 43656F3F21294AE8812B8E85 /* Lato-Hairline.ttf */; };
		8CB22E992E624AA99FBA079E /* Lato-HairlineItalic.ttf in Resources */ = {isa = PBXBuildFile; fileRef = F2969D7F561D4AC082830E1B /* Lato-HairlineItalic.ttf */; };
		CCF2A8F166AC448A86CF3984 /* Lato-Italic.ttf in Resources */ = {isa = PBXBuildFile; fileRef = B3290C1E12184DFFBF8C79CE /* Lato-Italic.ttf */; };
		9A88D39445734B0D970B1791 /* Lato-Light.ttf in Resources */ = {isa = PBXBuildFile; fileRef = F6574546413B4E5A84C102FA /* Lato-Light.ttf */; };
		7962B48C9E954FDD9D295915 /* Lato-LightItalic.ttf in Resources */ = {isa = PBXBuildFile; fileRef = E72581DE791D4FF191A51AC3 /* Lato-LightItalic.ttf */; };
		F6130C3B54CF4A9A8906AEB3 /* Lato-Regular.ttf in Resources */ = {isa = PBXBuildFile; fileRef = E2E5C468352C4C18BA6684DA /* Lato-Regular.ttf */; };
		AC9BA7620EDD47E8ABBCAD32 /* Raleway-Black.ttf in Resources */ = {isa = PBXBuildFile; fileRef = D1DBF98AA348471E90ED9581 /* Raleway-Black.ttf */; };
		77C8A8FC9CC54F43A4AA4B99 /* Raleway-BlackItalic.ttf in Resources */ = {isa = PBXBuildFile; fileRef = B8E869DCBB484A66B68EBFD6 /* Raleway-BlackItalic.ttf */; };
		3AD285FA23F348188FA73031 /* Raleway-Bold.ttf in Resources */ = {isa = PBXBuildFile; fileRef = 446BC8E3C3364048B3EE54D1 /* Raleway-Bold.ttf */; };
		E607A06E66014A65AAD4E672 /* Raleway-BoldItalic.ttf in Resources */ = {isa = PBXBuildFile; fileRef = 6007750F6C9C4916A71623D1 /* Raleway-BoldItalic.ttf */; };
		11AFC1F99AFD475F8E77183B /* Raleway-ExtraBold.ttf in Resources */ = {isa = PBXBuildFile; fileRef = 09AAEE66AE0A4628A24FE3AE /* Raleway-ExtraBold.ttf */; };
		7F56F036DEA1465DB2E59CA1 /* Raleway-ExtraBoldItalic.ttf in Resources */ = {isa = PBXBuildFile; fileRef = F4AEB24AFEFD4AEC9C29EAC9 /* Raleway-ExtraBoldItalic.ttf */; };
		22C7EFA7CFAD4864BE4D8678 /* Raleway-ExtraLight.ttf in Resources */ = {isa = PBXBuildFile; fileRef = 4789C4FC32834CADA66F4853 /* Raleway-ExtraLight.ttf */; };
		FA919211379249CDBE2E192E /* Raleway-ExtraLightItalic.ttf in Resources */ = {isa = PBXBuildFile; fileRef = D41C8AE33E56483781F5FA6D /* Raleway-ExtraLightItalic.ttf */; };
		E14F8A8B2DF248B8B60D9197 /* Raleway-Italic.ttf in Resources */ = {isa = PBXBuildFile; fileRef = 7E19A4F4B60F4D3982899727 /* Raleway-Italic.ttf */; };
		CF8C42AB372E48DC940B7E01 /* Raleway-Light.ttf in Resources */ = {isa = PBXBuildFile; fileRef = 8E4381F0035348F59ECD45BE /* Raleway-Light.ttf */; };
		C43056A8BFD949099ADFF964 /* Raleway-LightItalic.ttf in Resources */ = {isa = PBXBuildFile; fileRef = 9926BBA7544E47F4B98616C9 /* Raleway-LightItalic.ttf */; };
		E54C3FE47CB149388E648EEE /* Raleway-Medium.ttf in Resources */ = {isa = PBXBuildFile; fileRef = 683DBE5796A94B879D7EF851 /* Raleway-Medium.ttf */; };
		5F8F2A0D554249FABD96BC60 /* Raleway-MediumItalic.ttf in Resources */ = {isa = PBXBuildFile; fileRef = FC253E0C7491496199F3C382 /* Raleway-MediumItalic.ttf */; };
		951C8E176D0C4EAFBD557752 /* Raleway-Regular.ttf in Resources */ = {isa = PBXBuildFile; fileRef = 03104F466EDD4315A51B6FAE /* Raleway-Regular.ttf */; };
		44FE21BDEA5542DCA58E77C9 /* Raleway-SemiBold.ttf in Resources */ = {isa = PBXBuildFile; fileRef = 7AB4FFB73B094353B4CF968C /* Raleway-SemiBold.ttf */; };
		C1CE5F2902F741C48B4787A1 /* Raleway-SemiBoldItalic.ttf in Resources */ = {isa = PBXBuildFile; fileRef = C809FB172F174581AC6BEAB1 /* Raleway-SemiBoldItalic.ttf */; };
		15D6FD1FD7A7448DBB70496D /* Raleway-Thin.ttf in Resources */ = {isa = PBXBuildFile; fileRef = EB9ABE34A2AF4AECBDC7D9AE /* Raleway-Thin.ttf */; };
		1B6AAA54FC7E4432947B695B /* Raleway-ThinItalic.ttf in Resources */ = {isa = PBXBuildFile; fileRef = 370D0818D61E4547AD3D107F /* Raleway-ThinItalic.ttf */; };
/* End PBXBuildFile section */

/* Begin PBXContainerItemProxy section */
		00E356F41AD99517003FC87E /* PBXContainerItemProxy */ = {
			isa = PBXContainerItemProxy;
			containerPortal = 83CBB9F71A601CBA00E9B192 /* Project object */;
			proxyType = 1;
			remoteGlobalIDString = 13B07F861A680F5B00A75B9A;
			remoteInfo = pickitup;
		};
		2D02E4911E0B4A5D006451C7 /* PBXContainerItemProxy */ = {
			isa = PBXContainerItemProxy;
			containerPortal = 83CBB9F71A601CBA00E9B192 /* Project object */;
			proxyType = 1;
			remoteGlobalIDString = 2D02E47A1E0B4A5D006451C7;
			remoteInfo = "pickitup-tvOS";
		};
/* End PBXContainerItemProxy section */

/* Begin PBXFileReference section */
		008F07F21AC5B25A0029DE68 /* main.jsbundle */ = {isa = PBXFileReference; fileEncoding = 4; lastKnownFileType = text; path = main.jsbundle; sourceTree = "<group>"; };
		00E356EE1AD99517003FC87E /* pickitupTests.xctest */ = {isa = PBXFileReference; explicitFileType = wrapper.cfbundle; includeInIndex = 0; path = pickitupTests.xctest; sourceTree = BUILT_PRODUCTS_DIR; };
		00E356F11AD99517003FC87E /* Info.plist */ = {isa = PBXFileReference; lastKnownFileType = text.plist.xml; path = Info.plist; sourceTree = "<group>"; };
		00E356F21AD99517003FC87E /* pickitupTests.m */ = {isa = PBXFileReference; lastKnownFileType = sourcecode.c.objc; path = pickitupTests.m; sourceTree = "<group>"; };
		033682A76FA8C66D96AE3172 /* libPods-pickitup.a */ = {isa = PBXFileReference; explicitFileType = archive.ar; includeInIndex = 0; path = "libPods-pickitup.a"; sourceTree = BUILT_PRODUCTS_DIR; };
		08DA7EF2AB4F6775D797839F /* libPods-pickitup-tvOSTests.a */ = {isa = PBXFileReference; explicitFileType = archive.ar; includeInIndex = 0; path = "libPods-pickitup-tvOSTests.a"; sourceTree = BUILT_PRODUCTS_DIR; };
		12E571DEFEC6648E42AF7912 /* Pods-pickitup-tvOS.debug.xcconfig */ = {isa = PBXFileReference; includeInIndex = 1; lastKnownFileType = text.xcconfig; name = "Pods-pickitup-tvOS.debug.xcconfig"; path = "Target Support Files/Pods-pickitup-tvOS/Pods-pickitup-tvOS.debug.xcconfig"; sourceTree = "<group>"; };
		13B07F961A680F5B00A75B9A /* pickitup.app */ = {isa = PBXFileReference; explicitFileType = wrapper.application; includeInIndex = 0; path = pickitup.app; sourceTree = BUILT_PRODUCTS_DIR; };
		13B07FAF1A68108700A75B9A /* AppDelegate.h */ = {isa = PBXFileReference; fileEncoding = 4; lastKnownFileType = sourcecode.c.h; name = AppDelegate.h; path = pickitup/AppDelegate.h; sourceTree = "<group>"; };
		13B07FB01A68108700A75B9A /* AppDelegate.m */ = {isa = PBXFileReference; fileEncoding = 4; lastKnownFileType = sourcecode.c.objc; name = AppDelegate.m; path = pickitup/AppDelegate.m; sourceTree = "<group>"; };
		13B07FB21A68108700A75B9A /* Base */ = {isa = PBXFileReference; lastKnownFileType = file.xib; name = Base; path = Base.lproj/LaunchScreen.xib; sourceTree = "<group>"; };
		13B07FB51A68108700A75B9A /* Images.xcassets */ = {isa = PBXFileReference; lastKnownFileType = folder.assetcatalog; name = Images.xcassets; path = pickitup/Images.xcassets; sourceTree = "<group>"; };
		13B07FB61A68108700A75B9A /* Info.plist */ = {isa = PBXFileReference; fileEncoding = 4; lastKnownFileType = text.plist.xml; name = Info.plist; path = pickitup/Info.plist; sourceTree = "<group>"; };
		13B07FB71A68108700A75B9A /* main.m */ = {isa = PBXFileReference; fileEncoding = 4; lastKnownFileType = sourcecode.c.objc; name = main.m; path = pickitup/main.m; sourceTree = "<group>"; };
		28E39363A9367A6B36BE471E /* Pods-pickitupTests.debug.xcconfig */ = {isa = PBXFileReference; includeInIndex = 1; lastKnownFileType = text.xcconfig; name = "Pods-pickitupTests.debug.xcconfig"; path = "Target Support Files/Pods-pickitupTests/Pods-pickitupTests.debug.xcconfig"; sourceTree = "<group>"; };
		2D02E47B1E0B4A5D006451C7 /* pickitup-tvOS.app */ = {isa = PBXFileReference; explicitFileType = wrapper.application; includeInIndex = 0; path = "pickitup-tvOS.app"; sourceTree = BUILT_PRODUCTS_DIR; };
		2D02E4901E0B4A5D006451C7 /* pickitup-tvOSTests.xctest */ = {isa = PBXFileReference; explicitFileType = wrapper.cfbundle; includeInIndex = 0; path = "pickitup-tvOSTests.xctest"; sourceTree = BUILT_PRODUCTS_DIR; };
		9FA5B78110B1273C05DC6DA5 /* libPods-pickitup-tvOS.a */ = {isa = PBXFileReference; explicitFileType = archive.ar; includeInIndex = 0; path = "libPods-pickitup-tvOS.a"; sourceTree = BUILT_PRODUCTS_DIR; };
		B110E470CC67795384332C77 /* Pods-pickitup.debug.xcconfig */ = {isa = PBXFileReference; includeInIndex = 1; lastKnownFileType = text.xcconfig; name = "Pods-pickitup.debug.xcconfig"; path = "Target Support Files/Pods-pickitup/Pods-pickitup.debug.xcconfig"; sourceTree = "<group>"; };
		B30CC4C9CCAA0B4416F584C4 /* Pods-pickitup.release.xcconfig */ = {isa = PBXFileReference; includeInIndex = 1; lastKnownFileType = text.xcconfig; name = "Pods-pickitup.release.xcconfig"; path = "Target Support Files/Pods-pickitup/Pods-pickitup.release.xcconfig"; sourceTree = "<group>"; };
		C706F281B5F48445517F998F /* Pods-pickitup-tvOSTests.release.xcconfig */ = {isa = PBXFileReference; includeInIndex = 1; lastKnownFileType = text.xcconfig; name = "Pods-pickitup-tvOSTests.release.xcconfig"; path = "Target Support Files/Pods-pickitup-tvOSTests/Pods-pickitup-tvOSTests.release.xcconfig"; sourceTree = "<group>"; };
		D835EB434897BB60C0A3CB91 /* Pods-pickitup-tvOSTests.debug.xcconfig */ = {isa = PBXFileReference; includeInIndex = 1; lastKnownFileType = text.xcconfig; name = "Pods-pickitup-tvOSTests.debug.xcconfig"; path = "Target Support Files/Pods-pickitup-tvOSTests/Pods-pickitup-tvOSTests.debug.xcconfig"; sourceTree = "<group>"; };
		DE1DCF0EC1EED5F1F9812E61 /* libPods-pickitupTests.a */ = {isa = PBXFileReference; explicitFileType = archive.ar; includeInIndex = 0; path = "libPods-pickitupTests.a"; sourceTree = BUILT_PRODUCTS_DIR; };
		EB6235B3176BC475A84AC2F6 /* Pods-pickitupTests.release.xcconfig */ = {isa = PBXFileReference; includeInIndex = 1; lastKnownFileType = text.xcconfig; name = "Pods-pickitupTests.release.xcconfig"; path = "Target Support Files/Pods-pickitupTests/Pods-pickitupTests.release.xcconfig"; sourceTree = "<group>"; };
		ED297162215061F000B7C4FE /* JavaScriptCore.framework */ = {isa = PBXFileReference; lastKnownFileType = wrapper.framework; name = JavaScriptCore.framework; path = System/Library/Frameworks/JavaScriptCore.framework; sourceTree = SDKROOT; };
		ED2971642150620600B7C4FE /* JavaScriptCore.framework */ = {isa = PBXFileReference; lastKnownFileType = wrapper.framework; name = JavaScriptCore.framework; path = Platforms/AppleTVOS.platform/Developer/SDKs/AppleTVOS12.0.sdk/System/Library/Frameworks/JavaScriptCore.framework; sourceTree = DEVELOPER_DIR; };
		FA97357172D3EB08450235A5 /* Pods-pickitup-tvOS.release.xcconfig */ = {isa = PBXFileReference; includeInIndex = 1; lastKnownFileType = text.xcconfig; name = "Pods-pickitup-tvOS.release.xcconfig"; path = "Target Support Files/Pods-pickitup-tvOS/Pods-pickitup-tvOS.release.xcconfig"; sourceTree = "<group>"; };
		F4934D71F1BD4616AD23716D /* Lato-Black.ttf */ = {isa = PBXFileReference; name = "Lato-Black.ttf"; path = "../src/assets/fonts/Lato-Black.ttf"; sourceTree = "<group>"; fileEncoding = undefined; lastKnownFileType = unknown; explicitFileType = undefined; includeInIndex = 0; };
		8AB0109AD81245EAA95F6F39 /* Lato-BlackItalic.ttf */ = {isa = PBXFileReference; name = "Lato-BlackItalic.ttf"; path = "../src/assets/fonts/Lato-BlackItalic.ttf"; sourceTree = "<group>"; fileEncoding = undefined; lastKnownFileType = unknown; explicitFileType = undefined; includeInIndex = 0; };
		5538C8E1DB4C47E78840E750 /* Lato-Bold.ttf */ = {isa = PBXFileReference; name = "Lato-Bold.ttf"; path = "../src/assets/fonts/Lato-Bold.ttf"; sourceTree = "<group>"; fileEncoding = undefined; lastKnownFileType = unknown; explicitFileType = undefined; includeInIndex = 0; };
		43068EFBDE394D6DB8931172 /* Lato-BoldItalic.ttf */ = {isa = PBXFileReference; name = "Lato-BoldItalic.ttf"; path = "../src/assets/fonts/Lato-BoldItalic.ttf"; sourceTree = "<group>"; fileEncoding = undefined; lastKnownFileType = unknown; explicitFileType = undefined; includeInIndex = 0; };
		43656F3F21294AE8812B8E85 /* Lato-Hairline.ttf */ = {isa = PBXFileReference; name = "Lato-Hairline.ttf"; path = "../src/assets/fonts/Lato-Hairline.ttf"; sourceTree = "<group>"; fileEncoding = undefined; lastKnownFileType = unknown; explicitFileType = undefined; includeInIndex = 0; };
		F2969D7F561D4AC082830E1B /* Lato-HairlineItalic.ttf */ = {isa = PBXFileReference; name = "Lato-HairlineItalic.ttf"; path = "../src/assets/fonts/Lato-HairlineItalic.ttf"; sourceTree = "<group>"; fileEncoding = undefined; lastKnownFileType = unknown; explicitFileType = undefined; includeInIndex = 0; };
		B3290C1E12184DFFBF8C79CE /* Lato-Italic.ttf */ = {isa = PBXFileReference; name = "Lato-Italic.ttf"; path = "../src/assets/fonts/Lato-Italic.ttf"; sourceTree = "<group>"; fileEncoding = undefined; lastKnownFileType = unknown; explicitFileType = undefined; includeInIndex = 0; };
		F6574546413B4E5A84C102FA /* Lato-Light.ttf */ = {isa = PBXFileReference; name = "Lato-Light.ttf"; path = "../src/assets/fonts/Lato-Light.ttf"; sourceTree = "<group>"; fileEncoding = undefined; lastKnownFileType = unknown; explicitFileType = undefined; includeInIndex = 0; };
		E72581DE791D4FF191A51AC3 /* Lato-LightItalic.ttf */ = {isa = PBXFileReference; name = "Lato-LightItalic.ttf"; path = "../src/assets/fonts/Lato-LightItalic.ttf"; sourceTree = "<group>"; fileEncoding = undefined; lastKnownFileType = unknown; explicitFileType = undefined; includeInIndex = 0; };
		E2E5C468352C4C18BA6684DA /* Lato-Regular.ttf */ = {isa = PBXFileReference; name = "Lato-Regular.ttf"; path = "../src/assets/fonts/Lato-Regular.ttf"; sourceTree = "<group>"; fileEncoding = undefined; lastKnownFileType = unknown; explicitFileType = undefined; includeInIndex = 0; };
		D1DBF98AA348471E90ED9581 /* Raleway-Black.ttf */ = {isa = PBXFileReference; name = "Raleway-Black.ttf"; path = "../src/assets/fonts/Raleway-Black.ttf"; sourceTree = "<group>"; fileEncoding = undefined; lastKnownFileType = unknown; explicitFileType = undefined; includeInIndex = 0; };
		B8E869DCBB484A66B68EBFD6 /* Raleway-BlackItalic.ttf */ = {isa = PBXFileReference; name = "Raleway-BlackItalic.ttf"; path = "../src/assets/fonts/Raleway-BlackItalic.ttf"; sourceTree = "<group>"; fileEncoding = undefined; lastKnownFileType = unknown; explicitFileType = undefined; includeInIndex = 0; };
		446BC8E3C3364048B3EE54D1 /* Raleway-Bold.ttf */ = {isa = PBXFileReference; name = "Raleway-Bold.ttf"; path = "../src/assets/fonts/Raleway-Bold.ttf"; sourceTree = "<group>"; fileEncoding = undefined; lastKnownFileType = unknown; explicitFileType = undefined; includeInIndex = 0; };
		6007750F6C9C4916A71623D1 /* Raleway-BoldItalic.ttf */ = {isa = PBXFileReference; name = "Raleway-BoldItalic.ttf"; path = "../src/assets/fonts/Raleway-BoldItalic.ttf"; sourceTree = "<group>"; fileEncoding = undefined; lastKnownFileType = unknown; explicitFileType = undefined; includeInIndex = 0; };
		09AAEE66AE0A4628A24FE3AE /* Raleway-ExtraBold.ttf */ = {isa = PBXFileReference; name = "Raleway-ExtraBold.ttf"; path = "../src/assets/fonts/Raleway-ExtraBold.ttf"; sourceTree = "<group>"; fileEncoding = undefined; lastKnownFileType = unknown; explicitFileType = undefined; includeInIndex = 0; };
		F4AEB24AFEFD4AEC9C29EAC9 /* Raleway-ExtraBoldItalic.ttf */ = {isa = PBXFileReference; name = "Raleway-ExtraBoldItalic.ttf"; path = "../src/assets/fonts/Raleway-ExtraBoldItalic.ttf"; sourceTree = "<group>"; fileEncoding = undefined; lastKnownFileType = unknown; explicitFileType = undefined; includeInIndex = 0; };
		4789C4FC32834CADA66F4853 /* Raleway-ExtraLight.ttf */ = {isa = PBXFileReference; name = "Raleway-ExtraLight.ttf"; path = "../src/assets/fonts/Raleway-ExtraLight.ttf"; sourceTree = "<group>"; fileEncoding = undefined; lastKnownFileType = unknown; explicitFileType = undefined; includeInIndex = 0; };
		D41C8AE33E56483781F5FA6D /* Raleway-ExtraLightItalic.ttf */ = {isa = PBXFileReference; name = "Raleway-ExtraLightItalic.ttf"; path = "../src/assets/fonts/Raleway-ExtraLightItalic.ttf"; sourceTree = "<group>"; fileEncoding = undefined; lastKnownFileType = unknown; explicitFileType = undefined; includeInIndex = 0; };
		7E19A4F4B60F4D3982899727 /* Raleway-Italic.ttf */ = {isa = PBXFileReference; name = "Raleway-Italic.ttf"; path = "../src/assets/fonts/Raleway-Italic.ttf"; sourceTree = "<group>"; fileEncoding = undefined; lastKnownFileType = unknown; explicitFileType = undefined; includeInIndex = 0; };
		8E4381F0035348F59ECD45BE /* Raleway-Light.ttf */ = {isa = PBXFileReference; name = "Raleway-Light.ttf"; path = "../src/assets/fonts/Raleway-Light.ttf"; sourceTree = "<group>"; fileEncoding = undefined; lastKnownFileType = unknown; explicitFileType = undefined; includeInIndex = 0; };
		9926BBA7544E47F4B98616C9 /* Raleway-LightItalic.ttf */ = {isa = PBXFileReference; name = "Raleway-LightItalic.ttf"; path = "../src/assets/fonts/Raleway-LightItalic.ttf"; sourceTree = "<group>"; fileEncoding = undefined; lastKnownFileType = unknown; explicitFileType = undefined; includeInIndex = 0; };
		683DBE5796A94B879D7EF851 /* Raleway-Medium.ttf */ = {isa = PBXFileReference; name = "Raleway-Medium.ttf"; path = "../src/assets/fonts/Raleway-Medium.ttf"; sourceTree = "<group>"; fileEncoding = undefined; lastKnownFileType = unknown; explicitFileType = undefined; includeInIndex = 0; };
		FC253E0C7491496199F3C382 /* Raleway-MediumItalic.ttf */ = {isa = PBXFileReference; name = "Raleway-MediumItalic.ttf"; path = "../src/assets/fonts/Raleway-MediumItalic.ttf"; sourceTree = "<group>"; fileEncoding = undefined; lastKnownFileType = unknown; explicitFileType = undefined; includeInIndex = 0; };
		03104F466EDD4315A51B6FAE /* Raleway-Regular.ttf */ = {isa = PBXFileReference; name = "Raleway-Regular.ttf"; path = "../src/assets/fonts/Raleway-Regular.ttf"; sourceTree = "<group>"; fileEncoding = undefined; lastKnownFileType = unknown; explicitFileType = undefined; includeInIndex = 0; };
		7AB4FFB73B094353B4CF968C /* Raleway-SemiBold.ttf */ = {isa = PBXFileReference; name = "Raleway-SemiBold.ttf"; path = "../src/assets/fonts/Raleway-SemiBold.ttf"; sourceTree = "<group>"; fileEncoding = undefined; lastKnownFileType = unknown; explicitFileType = undefined; includeInIndex = 0; };
		C809FB172F174581AC6BEAB1 /* Raleway-SemiBoldItalic.ttf */ = {isa = PBXFileReference; name = "Raleway-SemiBoldItalic.ttf"; path = "../src/assets/fonts/Raleway-SemiBoldItalic.ttf"; sourceTree = "<group>"; fileEncoding = undefined; lastKnownFileType = unknown; explicitFileType = undefined; includeInIndex = 0; };
		EB9ABE34A2AF4AECBDC7D9AE /* Raleway-Thin.ttf */ = {isa = PBXFileReference; name = "Raleway-Thin.ttf"; path = "../src/assets/fonts/Raleway-Thin.ttf"; sourceTree = "<group>"; fileEncoding = undefined; lastKnownFileType = unknown; explicitFileType = undefined; includeInIndex = 0; };
		370D0818D61E4547AD3D107F /* Raleway-ThinItalic.ttf */ = {isa = PBXFileReference; name = "Raleway-ThinItalic.ttf"; path = "../src/assets/fonts/Raleway-ThinItalic.ttf"; sourceTree = "<group>"; fileEncoding = undefined; lastKnownFileType = unknown; explicitFileType = undefined; includeInIndex = 0; };
/* End PBXFileReference section */

/* Begin PBXFrameworksBuildPhase section */
		00E356EB1AD99517003FC87E /* Frameworks */ = {
			isa = PBXFrameworksBuildPhase;
			buildActionMask = 2147483647;
			files = (
				8FC77B7A39BD76671B831440 /* libPods-pickitupTests.a in Frameworks */,
			);
			runOnlyForDeploymentPostprocessing = 0;
		};
		13B07F8C1A680F5B00A75B9A /* Frameworks */ = {
			isa = PBXFrameworksBuildPhase;
			buildActionMask = 2147483647;
			files = (
				77AB3A38C8D64A9BCD055539 /* libPods-pickitup.a in Frameworks */,
			);
			runOnlyForDeploymentPostprocessing = 0;
		};
		2D02E4781E0B4A5D006451C7 /* Frameworks */ = {
			isa = PBXFrameworksBuildPhase;
			buildActionMask = 2147483647;
			files = (
				E1B395C5885E971CBAA45700 /* libPods-pickitup-tvOS.a in Frameworks */,
			);
			runOnlyForDeploymentPostprocessing = 0;
		};
		2D02E48D1E0B4A5D006451C7 /* Frameworks */ = {
			isa = PBXFrameworksBuildPhase;
			buildActionMask = 2147483647;
			files = (
				07FD16C45F4C246E4B2095B3 /* libPods-pickitup-tvOSTests.a in Frameworks */,
			);
			runOnlyForDeploymentPostprocessing = 0;
		};
/* End PBXFrameworksBuildPhase section */

/* Begin PBXGroup section */
		00E356EF1AD99517003FC87E /* pickitupTests */ = {
			isa = PBXGroup;
			children = (
				00E356F21AD99517003FC87E /* pickitupTests.m */,
				00E356F01AD99517003FC87E /* Supporting Files */,
			);
			path = pickitupTests;
			sourceTree = "<group>";
		};
		00E356F01AD99517003FC87E /* Supporting Files */ = {
			isa = PBXGroup;
			children = (
				00E356F11AD99517003FC87E /* Info.plist */,
			);
			name = "Supporting Files";
			sourceTree = "<group>";
		};
		13B07FAE1A68108700A75B9A /* pickitup */ = {
			isa = PBXGroup;
			children = (
				008F07F21AC5B25A0029DE68 /* main.jsbundle */,
				13B07FAF1A68108700A75B9A /* AppDelegate.h */,
				13B07FB01A68108700A75B9A /* AppDelegate.m */,
				13B07FB51A68108700A75B9A /* Images.xcassets */,
				13B07FB61A68108700A75B9A /* Info.plist */,
				13B07FB11A68108700A75B9A /* LaunchScreen.xib */,
				13B07FB71A68108700A75B9A /* main.m */,
			);
			name = pickitup;
			sourceTree = "<group>";
		};
		2D16E6871FA4F8E400B85C8A /* Frameworks */ = {
			isa = PBXGroup;
			children = (
				ED297162215061F000B7C4FE /* JavaScriptCore.framework */,
				ED2971642150620600B7C4FE /* JavaScriptCore.framework */,
				033682A76FA8C66D96AE3172 /* libPods-pickitup.a */,
				9FA5B78110B1273C05DC6DA5 /* libPods-pickitup-tvOS.a */,
				08DA7EF2AB4F6775D797839F /* libPods-pickitup-tvOSTests.a */,
				DE1DCF0EC1EED5F1F9812E61 /* libPods-pickitupTests.a */,
			);
			name = Frameworks;
			sourceTree = "<group>";
		};
		832341AE1AAA6A7D00B99B32 /* Libraries */ = {
			isa = PBXGroup;
			children = (
			);
			name = Libraries;
			sourceTree = "<group>";
		};
		83CBB9F61A601CBA00E9B192 = {
			isa = PBXGroup;
			children = (
				13B07FAE1A68108700A75B9A /* pickitup */,
				832341AE1AAA6A7D00B99B32 /* Libraries */,
				00E356EF1AD99517003FC87E /* pickitupTests */,
				83CBBA001A601CBA00E9B192 /* Products */,
				2D16E6871FA4F8E400B85C8A /* Frameworks */,
				BCF010E013B45BE540EA4988 /* Pods */,
				DB0E0C12A5D544BF955AB187 /* Resources */,
			);
			indentWidth = 2;
			sourceTree = "<group>";
			tabWidth = 2;
			usesTabs = 0;
		};
		83CBBA001A601CBA00E9B192 /* Products */ = {
			isa = PBXGroup;
			children = (
				13B07F961A680F5B00A75B9A /* pickitup.app */,
				00E356EE1AD99517003FC87E /* pickitupTests.xctest */,
				2D02E47B1E0B4A5D006451C7 /* pickitup-tvOS.app */,
				2D02E4901E0B4A5D006451C7 /* pickitup-tvOSTests.xctest */,
			);
			name = Products;
			sourceTree = "<group>";
		};
		BCF010E013B45BE540EA4988 /* Pods */ = {
			isa = PBXGroup;
			children = (
				B110E470CC67795384332C77 /* Pods-pickitup.debug.xcconfig */,
				B30CC4C9CCAA0B4416F584C4 /* Pods-pickitup.release.xcconfig */,
				12E571DEFEC6648E42AF7912 /* Pods-pickitup-tvOS.debug.xcconfig */,
				FA97357172D3EB08450235A5 /* Pods-pickitup-tvOS.release.xcconfig */,
				D835EB434897BB60C0A3CB91 /* Pods-pickitup-tvOSTests.debug.xcconfig */,
				C706F281B5F48445517F998F /* Pods-pickitup-tvOSTests.release.xcconfig */,
				28E39363A9367A6B36BE471E /* Pods-pickitupTests.debug.xcconfig */,
				EB6235B3176BC475A84AC2F6 /* Pods-pickitupTests.release.xcconfig */,
			);
			name = Pods;
			path = Pods;
			sourceTree = "<group>";
		};
		DB0E0C12A5D544BF955AB187 /* Resources */ = {
			isa = "PBXGroup";
			children = (
				F4934D71F1BD4616AD23716D /* Lato-Black.ttf */,
				8AB0109AD81245EAA95F6F39 /* Lato-BlackItalic.ttf */,
				5538C8E1DB4C47E78840E750 /* Lato-Bold.ttf */,
				43068EFBDE394D6DB8931172 /* Lato-BoldItalic.ttf */,
				43656F3F21294AE8812B8E85 /* Lato-Hairline.ttf */,
				F2969D7F561D4AC082830E1B /* Lato-HairlineItalic.ttf */,
				B3290C1E12184DFFBF8C79CE /* Lato-Italic.ttf */,
				F6574546413B4E5A84C102FA /* Lato-Light.ttf */,
				E72581DE791D4FF191A51AC3 /* Lato-LightItalic.ttf */,
				E2E5C468352C4C18BA6684DA /* Lato-Regular.ttf */,
				D1DBF98AA348471E90ED9581 /* Raleway-Black.ttf */,
				B8E869DCBB484A66B68EBFD6 /* Raleway-BlackItalic.ttf */,
				446BC8E3C3364048B3EE54D1 /* Raleway-Bold.ttf */,
				6007750F6C9C4916A71623D1 /* Raleway-BoldItalic.ttf */,
				09AAEE66AE0A4628A24FE3AE /* Raleway-ExtraBold.ttf */,
				F4AEB24AFEFD4AEC9C29EAC9 /* Raleway-ExtraBoldItalic.ttf */,
				4789C4FC32834CADA66F4853 /* Raleway-ExtraLight.ttf */,
				D41C8AE33E56483781F5FA6D /* Raleway-ExtraLightItalic.ttf */,
				7E19A4F4B60F4D3982899727 /* Raleway-Italic.ttf */,
				8E4381F0035348F59ECD45BE /* Raleway-Light.ttf */,
				9926BBA7544E47F4B98616C9 /* Raleway-LightItalic.ttf */,
				683DBE5796A94B879D7EF851 /* Raleway-Medium.ttf */,
				FC253E0C7491496199F3C382 /* Raleway-MediumItalic.ttf */,
				03104F466EDD4315A51B6FAE /* Raleway-Regular.ttf */,
				7AB4FFB73B094353B4CF968C /* Raleway-SemiBold.ttf */,
				C809FB172F174581AC6BEAB1 /* Raleway-SemiBoldItalic.ttf */,
				EB9ABE34A2AF4AECBDC7D9AE /* Raleway-Thin.ttf */,
				370D0818D61E4547AD3D107F /* Raleway-ThinItalic.ttf */,
			);
			name = Resources;
			sourceTree = "<group>";
			path = "";
		};
/* End PBXGroup section */

/* Begin PBXNativeTarget section */
		00E356ED1AD99517003FC87E /* pickitupTests */ = {
			isa = PBXNativeTarget;
			buildConfigurationList = 00E357021AD99517003FC87E /* Build configuration list for PBXNativeTarget "pickitupTests" */;
			buildPhases = (
				4F303FAA67BBD1FC0A3D286D /* [CP] Check Pods Manifest.lock */,
				00E356EA1AD99517003FC87E /* Sources */,
				00E356EB1AD99517003FC87E /* Frameworks */,
				00E356EC1AD99517003FC87E /* Resources */,
			);
			buildRules = (
			);
			dependencies = (
				00E356F51AD99517003FC87E /* PBXTargetDependency */,
			);
			name = pickitupTests;
			productName = pickitupTests;
			productReference = 00E356EE1AD99517003FC87E /* pickitupTests.xctest */;
			productType = "com.apple.product-type.bundle.unit-test";
		};
		13B07F861A680F5B00A75B9A /* pickitup */ = {
			isa = PBXNativeTarget;
			buildConfigurationList = 13B07F931A680F5B00A75B9A /* Build configuration list for PBXNativeTarget "pickitup" */;
			buildPhases = (
				2C61A7794EE115F725C45A65 /* [CP] Check Pods Manifest.lock */,
				FD10A7F022414F080027D42C /* Start Packager */,
				13B07F871A680F5B00A75B9A /* Sources */,
				13B07F8C1A680F5B00A75B9A /* Frameworks */,
				13B07F8E1A680F5B00A75B9A /* Resources */,
				00DD1BFF1BD5951E006B06BC /* Bundle React Native code and images */,
			);
			buildRules = (
			);
			dependencies = (
			);
			name = pickitup;
			productName = pickitup;
			productReference = 13B07F961A680F5B00A75B9A /* pickitup.app */;
			productType = "com.apple.product-type.application";
		};
		2D02E47A1E0B4A5D006451C7 /* pickitup-tvOS */ = {
			isa = PBXNativeTarget;
			buildConfigurationList = 2D02E4BA1E0B4A5E006451C7 /* Build configuration list for PBXNativeTarget "pickitup-tvOS" */;
			buildPhases = (
				641CD6E8791FF021966086FD /* [CP] Check Pods Manifest.lock */,
				FD10A7F122414F3F0027D42C /* Start Packager */,
				2D02E4771E0B4A5D006451C7 /* Sources */,
				2D02E4781E0B4A5D006451C7 /* Frameworks */,
				2D02E4791E0B4A5D006451C7 /* Resources */,
				2D02E4CB1E0B4B27006451C7 /* Bundle React Native Code And Images */,
			);
			buildRules = (
			);
			dependencies = (
			);
			name = "pickitup-tvOS";
			productName = "pickitup-tvOS";
			productReference = 2D02E47B1E0B4A5D006451C7 /* pickitup-tvOS.app */;
			productType = "com.apple.product-type.application";
		};
		2D02E48F1E0B4A5D006451C7 /* pickitup-tvOSTests */ = {
			isa = PBXNativeTarget;
			buildConfigurationList = 2D02E4BB1E0B4A5E006451C7 /* Build configuration list for PBXNativeTarget "pickitup-tvOSTests" */;
			buildPhases = (
				F1072E8B1D4CE8F8C261592C /* [CP] Check Pods Manifest.lock */,
				2D02E48C1E0B4A5D006451C7 /* Sources */,
				2D02E48D1E0B4A5D006451C7 /* Frameworks */,
				2D02E48E1E0B4A5D006451C7 /* Resources */,
			);
			buildRules = (
			);
			dependencies = (
				2D02E4921E0B4A5D006451C7 /* PBXTargetDependency */,
			);
			name = "pickitup-tvOSTests";
			productName = "pickitup-tvOSTests";
			productReference = 2D02E4901E0B4A5D006451C7 /* pickitup-tvOSTests.xctest */;
			productType = "com.apple.product-type.bundle.unit-test";
		};
/* End PBXNativeTarget section */

/* Begin PBXProject section */
		83CBB9F71A601CBA00E9B192 /* Project object */ = {
			isa = PBXProject;
			attributes = {
				LastUpgradeCheck = 940;
				ORGANIZATIONNAME = Facebook;
				TargetAttributes = {
					00E356ED1AD99517003FC87E = {
						CreatedOnToolsVersion = 6.2;
						TestTargetID = 13B07F861A680F5B00A75B9A;
					};
					2D02E47A1E0B4A5D006451C7 = {
						CreatedOnToolsVersion = 8.2.1;
						ProvisioningStyle = Automatic;
					};
					2D02E48F1E0B4A5D006451C7 = {
						CreatedOnToolsVersion = 8.2.1;
						ProvisioningStyle = Automatic;
						TestTargetID = 2D02E47A1E0B4A5D006451C7;
					};
				};
			};
			buildConfigurationList = 83CBB9FA1A601CBA00E9B192 /* Build configuration list for PBXProject "pickitup" */;
			compatibilityVersion = "Xcode 3.2";
			developmentRegion = English;
			hasScannedForEncodings = 0;
			knownRegions = (
				en,
				Base,
			);
			mainGroup = 83CBB9F61A601CBA00E9B192;
			productRefGroup = 83CBBA001A601CBA00E9B192 /* Products */;
			projectDirPath = "";
			projectRoot = "";
			targets = (
				13B07F861A680F5B00A75B9A /* pickitup */,
				00E356ED1AD99517003FC87E /* pickitupTests */,
				2D02E47A1E0B4A5D006451C7 /* pickitup-tvOS */,
				2D02E48F1E0B4A5D006451C7 /* pickitup-tvOSTests */,
			);
		};
/* End PBXProject section */

/* Begin PBXResourcesBuildPhase section */
		00E356EC1AD99517003FC87E /* Resources */ = {
			isa = PBXResourcesBuildPhase;
			buildActionMask = 2147483647;
			files = (
			);
			runOnlyForDeploymentPostprocessing = 0;
		};
		13B07F8E1A680F5B00A75B9A /* Resources */ = {
			isa = PBXResourcesBuildPhase;
			buildActionMask = 2147483647;
			files = (
				13B07FBF1A68108700A75B9A /* Images.xcassets in Resources */,
				13B07FBD1A68108700A75B9A /* LaunchScreen.xib in Resources */,
				CAC73B43F6C64E16B25A7828 /* Lato-Black.ttf in Resources */,
				9E1A0CB3BC03419F9918B82D /* Lato-BlackItalic.ttf in Resources */,
				4F5D658415C94C2E8FC35CCC /* Lato-Bold.ttf in Resources */,
				C9B78677FAB84104AB4654CC /* Lato-BoldItalic.ttf in Resources */,
				7BDD136B5A544933A68D6211 /* Lato-Hairline.ttf in Resources */,
				8CB22E992E624AA99FBA079E /* Lato-HairlineItalic.ttf in Resources */,
				CCF2A8F166AC448A86CF3984 /* Lato-Italic.ttf in Resources */,
				9A88D39445734B0D970B1791 /* Lato-Light.ttf in Resources */,
				7962B48C9E954FDD9D295915 /* Lato-LightItalic.ttf in Resources */,
				F6130C3B54CF4A9A8906AEB3 /* Lato-Regular.ttf in Resources */,
				AC9BA7620EDD47E8ABBCAD32 /* Raleway-Black.ttf in Resources */,
				77C8A8FC9CC54F43A4AA4B99 /* Raleway-BlackItalic.ttf in Resources */,
				3AD285FA23F348188FA73031 /* Raleway-Bold.ttf in Resources */,
				E607A06E66014A65AAD4E672 /* Raleway-BoldItalic.ttf in Resources */,
				11AFC1F99AFD475F8E77183B /* Raleway-ExtraBold.ttf in Resources */,
				7F56F036DEA1465DB2E59CA1 /* Raleway-ExtraBoldItalic.ttf in Resources */,
				22C7EFA7CFAD4864BE4D8678 /* Raleway-ExtraLight.ttf in Resources */,
				FA919211379249CDBE2E192E /* Raleway-ExtraLightItalic.ttf in Resources */,
				E14F8A8B2DF248B8B60D9197 /* Raleway-Italic.ttf in Resources */,
				CF8C42AB372E48DC940B7E01 /* Raleway-Light.ttf in Resources */,
				C43056A8BFD949099ADFF964 /* Raleway-LightItalic.ttf in Resources */,
				E54C3FE47CB149388E648EEE /* Raleway-Medium.ttf in Resources */,
				5F8F2A0D554249FABD96BC60 /* Raleway-MediumItalic.ttf in Resources */,
				951C8E176D0C4EAFBD557752 /* Raleway-Regular.ttf in Resources */,
				44FE21BDEA5542DCA58E77C9 /* Raleway-SemiBold.ttf in Resources */,
				C1CE5F2902F741C48B4787A1 /* Raleway-SemiBoldItalic.ttf in Resources */,
				15D6FD1FD7A7448DBB70496D /* Raleway-Thin.ttf in Resources */,
				1B6AAA54FC7E4432947B695B /* Raleway-ThinItalic.ttf in Resources */,
			);
			runOnlyForDeploymentPostprocessing = 0;
		};
		2D02E4791E0B4A5D006451C7 /* Resources */ = {
			isa = PBXResourcesBuildPhase;
			buildActionMask = 2147483647;
			files = (
				2D02E4BD1E0B4A84006451C7 /* Images.xcassets in Resources */,
			);
			runOnlyForDeploymentPostprocessing = 0;
		};
		2D02E48E1E0B4A5D006451C7 /* Resources */ = {
			isa = PBXResourcesBuildPhase;
			buildActionMask = 2147483647;
			files = (
			);
			runOnlyForDeploymentPostprocessing = 0;
		};
/* End PBXResourcesBuildPhase section */

/* Begin PBXShellScriptBuildPhase section */
		00DD1BFF1BD5951E006B06BC /* Bundle React Native code and images */ = {
			isa = PBXShellScriptBuildPhase;
			buildActionMask = 2147483647;
			files = (
			);
			inputPaths = (
			);
			name = "Bundle React Native code and images";
			outputPaths = (
			);
			runOnlyForDeploymentPostprocessing = 0;
			shellPath = /bin/sh;
			shellScript = "export NODE_BINARY=node\n../node_modules/react-native/scripts/react-native-xcode.sh";
		};
		2C61A7794EE115F725C45A65 /* [CP] Check Pods Manifest.lock */ = {
			isa = PBXShellScriptBuildPhase;
			buildActionMask = 2147483647;
			files = (
			);
			inputFileListPaths = (
			);
			inputPaths = (
				"${PODS_PODFILE_DIR_PATH}/Podfile.lock",
				"${PODS_ROOT}/Manifest.lock",
			);
			name = "[CP] Check Pods Manifest.lock";
			outputFileListPaths = (
			);
			outputPaths = (
				"$(DERIVED_FILE_DIR)/Pods-pickitup-checkManifestLockResult.txt",
			);
			runOnlyForDeploymentPostprocessing = 0;
			shellPath = /bin/sh;
			shellScript = "diff \"${PODS_PODFILE_DIR_PATH}/Podfile.lock\" \"${PODS_ROOT}/Manifest.lock\" > /dev/null\nif [ $? != 0 ] ; then\n    # print error to STDERR\n    echo \"error: The sandbox is not in sync with the Podfile.lock. Run 'pod install' or update your CocoaPods installation.\" >&2\n    exit 1\nfi\n# This output is used by Xcode 'outputs' to avoid re-running this script phase.\necho \"SUCCESS\" > \"${SCRIPT_OUTPUT_FILE_0}\"\n";
			showEnvVarsInLog = 0;
		};
		2D02E4CB1E0B4B27006451C7 /* Bundle React Native Code And Images */ = {
			isa = PBXShellScriptBuildPhase;
			buildActionMask = 2147483647;
			files = (
			);
			inputPaths = (
			);
			name = "Bundle React Native Code And Images";
			outputPaths = (
			);
			runOnlyForDeploymentPostprocessing = 0;
			shellPath = /bin/sh;
			shellScript = "export NODE_BINARY=node\n../node_modules/react-native/scripts/react-native-xcode.sh";
		};
		4F303FAA67BBD1FC0A3D286D /* [CP] Check Pods Manifest.lock */ = {
			isa = PBXShellScriptBuildPhase;
			buildActionMask = 2147483647;
			files = (
			);
			inputFileListPaths = (
			);
			inputPaths = (
				"${PODS_PODFILE_DIR_PATH}/Podfile.lock",
				"${PODS_ROOT}/Manifest.lock",
			);
			name = "[CP] Check Pods Manifest.lock";
			outputFileListPaths = (
			);
			outputPaths = (
				"$(DERIVED_FILE_DIR)/Pods-pickitupTests-checkManifestLockResult.txt",
			);
			runOnlyForDeploymentPostprocessing = 0;
			shellPath = /bin/sh;
			shellScript = "diff \"${PODS_PODFILE_DIR_PATH}/Podfile.lock\" \"${PODS_ROOT}/Manifest.lock\" > /dev/null\nif [ $? != 0 ] ; then\n    # print error to STDERR\n    echo \"error: The sandbox is not in sync with the Podfile.lock. Run 'pod install' or update your CocoaPods installation.\" >&2\n    exit 1\nfi\n# This output is used by Xcode 'outputs' to avoid re-running this script phase.\necho \"SUCCESS\" > \"${SCRIPT_OUTPUT_FILE_0}\"\n";
			showEnvVarsInLog = 0;
		};
		641CD6E8791FF021966086FD /* [CP] Check Pods Manifest.lock */ = {
			isa = PBXShellScriptBuildPhase;
			buildActionMask = 2147483647;
			files = (
			);
			inputFileListPaths = (
			);
			inputPaths = (
				"${PODS_PODFILE_DIR_PATH}/Podfile.lock",
				"${PODS_ROOT}/Manifest.lock",
			);
			name = "[CP] Check Pods Manifest.lock";
			outputFileListPaths = (
			);
			outputPaths = (
				"$(DERIVED_FILE_DIR)/Pods-pickitup-tvOS-checkManifestLockResult.txt",
			);
			runOnlyForDeploymentPostprocessing = 0;
			shellPath = /bin/sh;
			shellScript = "diff \"${PODS_PODFILE_DIR_PATH}/Podfile.lock\" \"${PODS_ROOT}/Manifest.lock\" > /dev/null\nif [ $? != 0 ] ; then\n    # print error to STDERR\n    echo \"error: The sandbox is not in sync with the Podfile.lock. Run 'pod install' or update your CocoaPods installation.\" >&2\n    exit 1\nfi\n# This output is used by Xcode 'outputs' to avoid re-running this script phase.\necho \"SUCCESS\" > \"${SCRIPT_OUTPUT_FILE_0}\"\n";
			showEnvVarsInLog = 0;
		};
		F1072E8B1D4CE8F8C261592C /* [CP] Check Pods Manifest.lock */ = {
			isa = PBXShellScriptBuildPhase;
			buildActionMask = 2147483647;
			files = (
			);
			inputFileListPaths = (
			);
			inputPaths = (
				"${PODS_PODFILE_DIR_PATH}/Podfile.lock",
				"${PODS_ROOT}/Manifest.lock",
			);
			name = "[CP] Check Pods Manifest.lock";
			outputFileListPaths = (
			);
			outputPaths = (
				"$(DERIVED_FILE_DIR)/Pods-pickitup-tvOSTests-checkManifestLockResult.txt",
			);
			runOnlyForDeploymentPostprocessing = 0;
			shellPath = /bin/sh;
			shellScript = "diff \"${PODS_PODFILE_DIR_PATH}/Podfile.lock\" \"${PODS_ROOT}/Manifest.lock\" > /dev/null\nif [ $? != 0 ] ; then\n    # print error to STDERR\n    echo \"error: The sandbox is not in sync with the Podfile.lock. Run 'pod install' or update your CocoaPods installation.\" >&2\n    exit 1\nfi\n# This output is used by Xcode 'outputs' to avoid re-running this script phase.\necho \"SUCCESS\" > \"${SCRIPT_OUTPUT_FILE_0}\"\n";
			showEnvVarsInLog = 0;
		};
		FD10A7F022414F080027D42C /* Start Packager */ = {
			isa = PBXShellScriptBuildPhase;
			buildActionMask = 2147483647;
			files = (
			);
			inputFileListPaths = (
			);
			inputPaths = (
			);
			name = "Start Packager";
			outputFileListPaths = (
			);
			outputPaths = (
			);
			runOnlyForDeploymentPostprocessing = 0;
			shellPath = /bin/sh;
			shellScript = "export RCT_METRO_PORT=\"${RCT_METRO_PORT:=8081}\"\necho \"export RCT_METRO_PORT=${RCT_METRO_PORT}\" > \"${SRCROOT}/../node_modules/react-native/scripts/.packager.env\"\nif [ -z \"${RCT_NO_LAUNCH_PACKAGER+xxx}\" ] ; then\n  if nc -w 5 -z localhost ${RCT_METRO_PORT} ; then\n    if ! curl -s \"http://localhost:${RCT_METRO_PORT}/status\" | grep -q \"packager-status:running\" ; then\n      echo \"Port ${RCT_METRO_PORT} already in use, packager is either not running or not running correctly\"\n      exit 2\n    fi\n  else\n    open \"$SRCROOT/../node_modules/react-native/scripts/launchPackager.command\" || echo \"Can't start packager automatically\"\n  fi\nfi\n";
			showEnvVarsInLog = 0;
		};
		FD10A7F122414F3F0027D42C /* Start Packager */ = {
			isa = PBXShellScriptBuildPhase;
			buildActionMask = 2147483647;
			files = (
			);
			inputFileListPaths = (
			);
			inputPaths = (
			);
			name = "Start Packager";
			outputFileListPaths = (
			);
			outputPaths = (
			);
			runOnlyForDeploymentPostprocessing = 0;
			shellPath = /bin/sh;
			shellScript = "export RCT_METRO_PORT=\"${RCT_METRO_PORT:=8081}\"\necho \"export RCT_METRO_PORT=${RCT_METRO_PORT}\" > \"${SRCROOT}/../node_modules/react-native/scripts/.packager.env\"\nif [ -z \"${RCT_NO_LAUNCH_PACKAGER+xxx}\" ] ; then\n  if nc -w 5 -z localhost ${RCT_METRO_PORT} ; then\n    if ! curl -s \"http://localhost:${RCT_METRO_PORT}/status\" | grep -q \"packager-status:running\" ; then\n      echo \"Port ${RCT_METRO_PORT} already in use, packager is either not running or not running correctly\"\n      exit 2\n    fi\n  else\n    open \"$SRCROOT/../node_modules/react-native/scripts/launchPackager.command\" || echo \"Can't start packager automatically\"\n  fi\nfi\n";
			showEnvVarsInLog = 0;
		};
/* End PBXShellScriptBuildPhase section */

/* Begin PBXSourcesBuildPhase section */
		00E356EA1AD99517003FC87E /* Sources */ = {
			isa = PBXSourcesBuildPhase;
			buildActionMask = 2147483647;
			files = (
				00E356F31AD99517003FC87E /* pickitupTests.m in Sources */,
			);
			runOnlyForDeploymentPostprocessing = 0;
		};
		13B07F871A680F5B00A75B9A /* Sources */ = {
			isa = PBXSourcesBuildPhase;
			buildActionMask = 2147483647;
			files = (
				13B07FBC1A68108700A75B9A /* AppDelegate.m in Sources */,
				13B07FC11A68108700A75B9A /* main.m in Sources */,
			);
			runOnlyForDeploymentPostprocessing = 0;
		};
		2D02E4771E0B4A5D006451C7 /* Sources */ = {
			isa = PBXSourcesBuildPhase;
			buildActionMask = 2147483647;
			files = (
				2D02E4BF1E0B4AB3006451C7 /* main.m in Sources */,
				2D02E4BC1E0B4A80006451C7 /* AppDelegate.m in Sources */,
			);
			runOnlyForDeploymentPostprocessing = 0;
		};
		2D02E48C1E0B4A5D006451C7 /* Sources */ = {
			isa = PBXSourcesBuildPhase;
			buildActionMask = 2147483647;
			files = (
				2DCD954D1E0B4F2C00145EB5 /* pickitupTests.m in Sources */,
			);
			runOnlyForDeploymentPostprocessing = 0;
		};
/* End PBXSourcesBuildPhase section */

/* Begin PBXTargetDependency section */
		00E356F51AD99517003FC87E /* PBXTargetDependency */ = {
			isa = PBXTargetDependency;
			target = 13B07F861A680F5B00A75B9A /* pickitup */;
			targetProxy = 00E356F41AD99517003FC87E /* PBXContainerItemProxy */;
		};
		2D02E4921E0B4A5D006451C7 /* PBXTargetDependency */ = {
			isa = PBXTargetDependency;
			target = 2D02E47A1E0B4A5D006451C7 /* pickitup-tvOS */;
			targetProxy = 2D02E4911E0B4A5D006451C7 /* PBXContainerItemProxy */;
		};
/* End PBXTargetDependency section */

/* Begin PBXVariantGroup section */
		13B07FB11A68108700A75B9A /* LaunchScreen.xib */ = {
			isa = PBXVariantGroup;
			children = (
				13B07FB21A68108700A75B9A /* Base */,
			);
			name = LaunchScreen.xib;
			path = pickitup;
			sourceTree = "<group>";
		};
/* End PBXVariantGroup section */

/* Begin XCBuildConfiguration section */
		00E356F61AD99517003FC87E /* Debug */ = {
			isa = XCBuildConfiguration;
			baseConfigurationReference = 28E39363A9367A6B36BE471E /* Pods-pickitupTests.debug.xcconfig */;
			buildSettings = {
				BUNDLE_LOADER = "$(TEST_HOST)";
				GCC_PREPROCESSOR_DEFINITIONS = (
					"DEBUG=1",
					"$(inherited)",
				);
				INFOPLIST_FILE = pickitupTests/Info.plist;
				IPHONEOS_DEPLOYMENT_TARGET = 9.0;
				LD_RUNPATH_SEARCH_PATHS = "$(inherited) @executable_path/Frameworks @loader_path/Frameworks";
				OTHER_LDFLAGS = (
					"-ObjC",
					"-lc++",
					"$(inherited)",
				);
				PRODUCT_BUNDLE_IDENTIFIER = "org.reactjs.native.example.$(PRODUCT_NAME:rfc1034identifier)";
				PRODUCT_NAME = "$(TARGET_NAME)";
				TEST_HOST = "$(BUILT_PRODUCTS_DIR)/pickitup.app/pickitup";
			};
			name = Debug;
		};
		00E356F71AD99517003FC87E /* Release */ = {
			isa = XCBuildConfiguration;
			baseConfigurationReference = EB6235B3176BC475A84AC2F6 /* Pods-pickitupTests.release.xcconfig */;
			buildSettings = {
				BUNDLE_LOADER = "$(TEST_HOST)";
				COPY_PHASE_STRIP = NO;
				INFOPLIST_FILE = pickitupTests/Info.plist;
				IPHONEOS_DEPLOYMENT_TARGET = 9.0;
				LD_RUNPATH_SEARCH_PATHS = "$(inherited) @executable_path/Frameworks @loader_path/Frameworks";
				OTHER_LDFLAGS = (
					"-ObjC",
					"-lc++",
					"$(inherited)",
				);
				PRODUCT_BUNDLE_IDENTIFIER = "org.reactjs.native.example.$(PRODUCT_NAME:rfc1034identifier)";
				PRODUCT_NAME = "$(TARGET_NAME)";
				TEST_HOST = "$(BUILT_PRODUCTS_DIR)/pickitup.app/pickitup";
			};
			name = Release;
		};
		13B07F941A680F5B00A75B9A /* Debug */ = {
			isa = XCBuildConfiguration;
			baseConfigurationReference = B110E470CC67795384332C77 /* Pods-pickitup.debug.xcconfig */;
			buildSettings = {
				ASSETCATALOG_COMPILER_APPICON_NAME = AppIcon;
				CURRENT_PROJECT_VERSION = 1;
				DEAD_CODE_STRIPPING = NO;
				INFOPLIST_FILE = pickitup/Info.plist;
				LD_RUNPATH_SEARCH_PATHS = "$(inherited) @executable_path/Frameworks";
				OTHER_LDFLAGS = (
					"$(inherited)",
					"-ObjC",
					"-lc++",
				);
				PRODUCT_BUNDLE_IDENTIFIER = "org.reactjs.native.example.$(PRODUCT_NAME:rfc1034identifier)";
				PRODUCT_NAME = pickitup;
				VERSIONING_SYSTEM = "apple-generic";
			};
			name = Debug;
		};
		13B07F951A680F5B00A75B9A /* Release */ = {
			isa = XCBuildConfiguration;
			baseConfigurationReference = B30CC4C9CCAA0B4416F584C4 /* Pods-pickitup.release.xcconfig */;
			buildSettings = {
				ASSETCATALOG_COMPILER_APPICON_NAME = AppIcon;
				CURRENT_PROJECT_VERSION = 1;
				INFOPLIST_FILE = pickitup/Info.plist;
				LD_RUNPATH_SEARCH_PATHS = "$(inherited) @executable_path/Frameworks";
				OTHER_LDFLAGS = (
					"$(inherited)",
					"-ObjC",
					"-lc++",
				);
				PRODUCT_BUNDLE_IDENTIFIER = "org.reactjs.native.example.$(PRODUCT_NAME:rfc1034identifier)";
				PRODUCT_NAME = pickitup;
				VERSIONING_SYSTEM = "apple-generic";
			};
			name = Release;
		};
		2D02E4971E0B4A5E006451C7 /* Debug */ = {
			isa = XCBuildConfiguration;
			baseConfigurationReference = 12E571DEFEC6648E42AF7912 /* Pods-pickitup-tvOS.debug.xcconfig */;
			buildSettings = {
				ASSETCATALOG_COMPILER_APPICON_NAME = "App Icon & Top Shelf Image";
				ASSETCATALOG_COMPILER_LAUNCHIMAGE_NAME = LaunchImage;
				CLANG_ANALYZER_NONNULL = YES;
				CLANG_WARN_DOCUMENTATION_COMMENTS = YES;
				CLANG_WARN_INFINITE_RECURSION = YES;
				CLANG_WARN_SUSPICIOUS_MOVE = YES;
				DEBUG_INFORMATION_FORMAT = dwarf;
				ENABLE_TESTABILITY = YES;
				GCC_NO_COMMON_BLOCKS = YES;
				INFOPLIST_FILE = "pickitup-tvOS/Info.plist";
				LD_RUNPATH_SEARCH_PATHS = "$(inherited) @executable_path/Frameworks";
				OTHER_LDFLAGS = (
					"$(inherited)",
					"-ObjC",
					"-lc++",
				);
				PRODUCT_BUNDLE_IDENTIFIER = "com.facebook.REACT.pickitup-tvOS";
				PRODUCT_NAME = "$(TARGET_NAME)";
				SDKROOT = appletvos;
				TARGETED_DEVICE_FAMILY = 3;
				TVOS_DEPLOYMENT_TARGET = 9.2;
			};
			name = Debug;
		};
		2D02E4981E0B4A5E006451C7 /* Release */ = {
			isa = XCBuildConfiguration;
			baseConfigurationReference = FA97357172D3EB08450235A5 /* Pods-pickitup-tvOS.release.xcconfig */;
			buildSettings = {
				ASSETCATALOG_COMPILER_APPICON_NAME = "App Icon & Top Shelf Image";
				ASSETCATALOG_COMPILER_LAUNCHIMAGE_NAME = LaunchImage;
				CLANG_ANALYZER_NONNULL = YES;
				CLANG_WARN_DOCUMENTATION_COMMENTS = YES;
				CLANG_WARN_INFINITE_RECURSION = YES;
				CLANG_WARN_SUSPICIOUS_MOVE = YES;
				COPY_PHASE_STRIP = NO;
				DEBUG_INFORMATION_FORMAT = "dwarf-with-dsym";
				GCC_NO_COMMON_BLOCKS = YES;
				INFOPLIST_FILE = "pickitup-tvOS/Info.plist";
				LD_RUNPATH_SEARCH_PATHS = "$(inherited) @executable_path/Frameworks";
				OTHER_LDFLAGS = (
					"$(inherited)",
					"-ObjC",
					"-lc++",
				);
				PRODUCT_BUNDLE_IDENTIFIER = "com.facebook.REACT.pickitup-tvOS";
				PRODUCT_NAME = "$(TARGET_NAME)";
				SDKROOT = appletvos;
				TARGETED_DEVICE_FAMILY = 3;
				TVOS_DEPLOYMENT_TARGET = 9.2;
			};
			name = Release;
		};
		2D02E4991E0B4A5E006451C7 /* Debug */ = {
			isa = XCBuildConfiguration;
			baseConfigurationReference = D835EB434897BB60C0A3CB91 /* Pods-pickitup-tvOSTests.debug.xcconfig */;
			buildSettings = {
				BUNDLE_LOADER = "$(TEST_HOST)";
				CLANG_ANALYZER_NONNULL = YES;
				CLANG_WARN_DOCUMENTATION_COMMENTS = YES;
				CLANG_WARN_INFINITE_RECURSION = YES;
				CLANG_WARN_SUSPICIOUS_MOVE = YES;
				DEBUG_INFORMATION_FORMAT = dwarf;
				ENABLE_TESTABILITY = YES;
				GCC_NO_COMMON_BLOCKS = YES;
				INFOPLIST_FILE = "pickitup-tvOSTests/Info.plist";
				LD_RUNPATH_SEARCH_PATHS = "$(inherited) @executable_path/Frameworks @loader_path/Frameworks";
				OTHER_LDFLAGS = (
					"$(inherited)",
					"-ObjC",
					"-lc++",
				);
				PRODUCT_BUNDLE_IDENTIFIER = "com.facebook.REACT.pickitup-tvOSTests";
				PRODUCT_NAME = "$(TARGET_NAME)";
				SDKROOT = appletvos;
				TEST_HOST = "$(BUILT_PRODUCTS_DIR)/pickitup-tvOS.app/pickitup-tvOS";
				TVOS_DEPLOYMENT_TARGET = 10.1;
			};
			name = Debug;
		};
		2D02E49A1E0B4A5E006451C7 /* Release */ = {
			isa = XCBuildConfiguration;
			baseConfigurationReference = C706F281B5F48445517F998F /* Pods-pickitup-tvOSTests.release.xcconfig */;
			buildSettings = {
				BUNDLE_LOADER = "$(TEST_HOST)";
				CLANG_ANALYZER_NONNULL = YES;
				CLANG_WARN_DOCUMENTATION_COMMENTS = YES;
				CLANG_WARN_INFINITE_RECURSION = YES;
				CLANG_WARN_SUSPICIOUS_MOVE = YES;
				COPY_PHASE_STRIP = NO;
				DEBUG_INFORMATION_FORMAT = "dwarf-with-dsym";
				GCC_NO_COMMON_BLOCKS = YES;
				INFOPLIST_FILE = "pickitup-tvOSTests/Info.plist";
				LD_RUNPATH_SEARCH_PATHS = "$(inherited) @executable_path/Frameworks @loader_path/Frameworks";
				OTHER_LDFLAGS = (
					"$(inherited)",
					"-ObjC",
					"-lc++",
				);
				PRODUCT_BUNDLE_IDENTIFIER = "com.facebook.REACT.pickitup-tvOSTests";
				PRODUCT_NAME = "$(TARGET_NAME)";
				SDKROOT = appletvos;
				TEST_HOST = "$(BUILT_PRODUCTS_DIR)/pickitup-tvOS.app/pickitup-tvOS";
				TVOS_DEPLOYMENT_TARGET = 10.1;
			};
			name = Release;
		};
		83CBBA201A601CBA00E9B192 /* Debug */ = {
			isa = XCBuildConfiguration;
			buildSettings = {
				ALWAYS_SEARCH_USER_PATHS = NO;
				CLANG_CXX_LANGUAGE_STANDARD = "gnu++0x";
				CLANG_CXX_LIBRARY = "libc++";
				CLANG_ENABLE_MODULES = YES;
				CLANG_ENABLE_OBJC_ARC = YES;
				CLANG_WARN_BLOCK_CAPTURE_AUTORELEASING = YES;
				CLANG_WARN_BOOL_CONVERSION = YES;
				CLANG_WARN_COMMA = YES;
				CLANG_WARN_CONSTANT_CONVERSION = YES;
				CLANG_WARN_DEPRECATED_OBJC_IMPLEMENTATIONS = YES;
				CLANG_WARN_DIRECT_OBJC_ISA_USAGE = YES_ERROR;
				CLANG_WARN_EMPTY_BODY = YES;
				CLANG_WARN_ENUM_CONVERSION = YES;
				CLANG_WARN_INFINITE_RECURSION = YES;
				CLANG_WARN_INT_CONVERSION = YES;
				CLANG_WARN_NON_LITERAL_NULL_CONVERSION = YES;
				CLANG_WARN_OBJC_IMPLICIT_RETAIN_SELF = YES;
				CLANG_WARN_OBJC_LITERAL_CONVERSION = YES;
				CLANG_WARN_OBJC_ROOT_CLASS = YES_ERROR;
				CLANG_WARN_RANGE_LOOP_ANALYSIS = YES;
				CLANG_WARN_STRICT_PROTOTYPES = YES;
				CLANG_WARN_SUSPICIOUS_MOVE = YES;
				CLANG_WARN_UNREACHABLE_CODE = YES;
				CLANG_WARN__DUPLICATE_METHOD_MATCH = YES;
				"CODE_SIGN_IDENTITY[sdk=iphoneos*]" = "iPhone Developer";
				COPY_PHASE_STRIP = NO;
				ENABLE_STRICT_OBJC_MSGSEND = YES;
				ENABLE_TESTABILITY = YES;
				GCC_C_LANGUAGE_STANDARD = gnu99;
				GCC_DYNAMIC_NO_PIC = NO;
				GCC_NO_COMMON_BLOCKS = YES;
				GCC_OPTIMIZATION_LEVEL = 0;
				GCC_PREPROCESSOR_DEFINITIONS = (
					"DEBUG=1",
					"$(inherited)",
				);
				GCC_SYMBOLS_PRIVATE_EXTERN = NO;
				GCC_WARN_64_TO_32_BIT_CONVERSION = YES;
				GCC_WARN_ABOUT_RETURN_TYPE = YES_ERROR;
				GCC_WARN_UNDECLARED_SELECTOR = YES;
				GCC_WARN_UNINITIALIZED_AUTOS = YES_AGGRESSIVE;
				GCC_WARN_UNUSED_FUNCTION = YES;
				GCC_WARN_UNUSED_VARIABLE = YES;
				IPHONEOS_DEPLOYMENT_TARGET = 9.0;
				MTL_ENABLE_DEBUG_INFO = YES;
				ONLY_ACTIVE_ARCH = YES;
				SDKROOT = iphoneos;
			};
			name = Debug;
		};
		83CBBA211A601CBA00E9B192 /* Release */ = {
			isa = XCBuildConfiguration;
			buildSettings = {
				ALWAYS_SEARCH_USER_PATHS = NO;
				CLANG_CXX_LANGUAGE_STANDARD = "gnu++0x";
				CLANG_CXX_LIBRARY = "libc++";
				CLANG_ENABLE_MODULES = YES;
				CLANG_ENABLE_OBJC_ARC = YES;
				CLANG_WARN_BLOCK_CAPTURE_AUTORELEASING = YES;
				CLANG_WARN_BOOL_CONVERSION = YES;
				CLANG_WARN_COMMA = YES;
				CLANG_WARN_CONSTANT_CONVERSION = YES;
				CLANG_WARN_DEPRECATED_OBJC_IMPLEMENTATIONS = YES;
				CLANG_WARN_DIRECT_OBJC_ISA_USAGE = YES_ERROR;
				CLANG_WARN_EMPTY_BODY = YES;
				CLANG_WARN_ENUM_CONVERSION = YES;
				CLANG_WARN_INFINITE_RECURSION = YES;
				CLANG_WARN_INT_CONVERSION = YES;
				CLANG_WARN_NON_LITERAL_NULL_CONVERSION = YES;
				CLANG_WARN_OBJC_IMPLICIT_RETAIN_SELF = YES;
				CLANG_WARN_OBJC_LITERAL_CONVERSION = YES;
				CLANG_WARN_OBJC_ROOT_CLASS = YES_ERROR;
				CLANG_WARN_RANGE_LOOP_ANALYSIS = YES;
				CLANG_WARN_STRICT_PROTOTYPES = YES;
				CLANG_WARN_SUSPICIOUS_MOVE = YES;
				CLANG_WARN_UNREACHABLE_CODE = YES;
				CLANG_WARN__DUPLICATE_METHOD_MATCH = YES;
				"CODE_SIGN_IDENTITY[sdk=iphoneos*]" = "iPhone Developer";
				COPY_PHASE_STRIP = YES;
				ENABLE_NS_ASSERTIONS = NO;
				ENABLE_STRICT_OBJC_MSGSEND = YES;
				GCC_C_LANGUAGE_STANDARD = gnu99;
				GCC_NO_COMMON_BLOCKS = YES;
				GCC_WARN_64_TO_32_BIT_CONVERSION = YES;
				GCC_WARN_ABOUT_RETURN_TYPE = YES_ERROR;
				GCC_WARN_UNDECLARED_SELECTOR = YES;
				GCC_WARN_UNINITIALIZED_AUTOS = YES_AGGRESSIVE;
				GCC_WARN_UNUSED_FUNCTION = YES;
				GCC_WARN_UNUSED_VARIABLE = YES;
				IPHONEOS_DEPLOYMENT_TARGET = 9.0;
				MTL_ENABLE_DEBUG_INFO = NO;
				SDKROOT = iphoneos;
				VALIDATE_PRODUCT = YES;
			};
			name = Release;
		};
/* End XCBuildConfiguration section */

/* Begin XCConfigurationList section */
		00E357021AD99517003FC87E /* Build configuration list for PBXNativeTarget "pickitupTests" */ = {
			isa = XCConfigurationList;
			buildConfigurations = (
				00E356F61AD99517003FC87E /* Debug */,
				00E356F71AD99517003FC87E /* Release */,
			);
			defaultConfigurationIsVisible = 0;
			defaultConfigurationName = Release;
		};
		13B07F931A680F5B00A75B9A /* Build configuration list for PBXNativeTarget "pickitup" */ = {
			isa = XCConfigurationList;
			buildConfigurations = (
				13B07F941A680F5B00A75B9A /* Debug */,
				13B07F951A680F5B00A75B9A /* Release */,
			);
			defaultConfigurationIsVisible = 0;
			defaultConfigurationName = Release;
		};
		2D02E4BA1E0B4A5E006451C7 /* Build configuration list for PBXNativeTarget "pickitup-tvOS" */ = {
			isa = XCConfigurationList;
			buildConfigurations = (
				2D02E4971E0B4A5E006451C7 /* Debug */,
				2D02E4981E0B4A5E006451C7 /* Release */,
			);
			defaultConfigurationIsVisible = 0;
			defaultConfigurationName = Release;
		};
		2D02E4BB1E0B4A5E006451C7 /* Build configuration list for PBXNativeTarget "pickitup-tvOSTests" */ = {
			isa = XCConfigurationList;
			buildConfigurations = (
				2D02E4991E0B4A5E006451C7 /* Debug */,
				2D02E49A1E0B4A5E006451C7 /* Release */,
			);
			defaultConfigurationIsVisible = 0;
			defaultConfigurationName = Release;
		};
		83CBB9FA1A601CBA00E9B192 /* Build configuration list for PBXProject "pickitup" */ = {
			isa = XCConfigurationList;
			buildConfigurations = (
				83CBBA201A601CBA00E9B192 /* Debug */,
				83CBBA211A601CBA00E9B192 /* Release */,
			);
			defaultConfigurationIsVisible = 0;
			defaultConfigurationName = Release;
		};
/* End XCConfigurationList section */
	};
	rootObject = 83CBB9F71A601CBA00E9B192 /* Project object */;
}
